Microsoft Visual Studio Solution File, Format Version 12.00
VisualStudioVersion = 17.0.31903.59
MinimumVisualStudioVersion = 10.0.40219.1
Project("{2150E333-8FDC-42A3-9474-1A3956D46DE8}") = "src", "src", "{6ED356A7-8B47-4613-AD01-C85CF28491BD}"
Global
	GlobalSection(SolutionConfigurationPlatforms) = preSolution
		Debug|Any CPU = Debug|Any CPU
		Release|Any CPU = Release|Any CPU
	EndGlobalSection
	GlobalSection(SolutionProperties) = preSolution
		HideSolutionNode = FALSE
	EndGlobalSection
	GlobalSection(ProjectConfigurationPlatforms) = postSolution
		{F84C6E64-0A23-4A1C-B8B3-04D74BFAF8AA}.Debug|Any CPU.ActiveCfg = Debug|Any CPU
		{F84C6E64-0A23-4A1C-B8B3-04D74BFAF8AA}.Debug|Any CPU.Build.0 = Debug|Any CPU
		{F84C6E64-0A23-4A1C-B8B3-04D74BFAF8AA}.Release|Any CPU.ActiveCfg = Release|Any CPU
		{F84C6E64-0A23-4A1C-B8B3-04D74BFAF8AA}.Release|Any CPU.Build.0 = Release|Any CPU
		{C729582B-306E-4D25-9E0E-DAF8215B556E}.Debug|Any CPU.ActiveCfg = Debug|Any CPU
		{C729582B-306E-4D25-9E0E-DAF8215B556E}.Debug|Any CPU.Build.0 = Debug|Any CPU
		{C729582B-306E-4D25-9E0E-DAF8215B556E}.Release|Any CPU.ActiveCfg = Release|Any CPU
		{C729582B-306E-4D25-9E0E-DAF8215B556E}.Release|Any CPU.Build.0 = Release|Any CPU
	EndGlobalSection
	GlobalSection(NestedProjects) = preSolution
		{F84C6E64-0A23-4A1C-B8B3-04D74BFAF8AA} = {6ED356A7-8B47-4613-AD01-C85CF28491BD}
		{C729582B-306E-4D25-9E0E-DAF8215B556E} = {6ED356A7-8B47-4613-AD01-C85CF28491BD}
	EndGlobalSection
EndGlobal
